[[package]]
category = "main"
description = "Python package for providing Mozilla's CA Bundle."
name = "certifi"
optional = false
python-versions = "*"
version = "2019.11.28"

[[package]]
category = "main"
description = "Universal encoding detector for Python 2 and 3"
name = "chardet"
optional = false
python-versions = "*"
version = "3.0.4"

[[package]]
category = "main"
description = "Simple Python interface for Graphviz"
name = "graphviz"
optional = false
python-versions = ">=2.7,!=3.0.*,!=3.1.*,!=3.2.*,!=3.3.*"
version = "0.8.4"

[package.extras]
dev = ["tox (>=3.0)", "flake8", "pep8-naming", "wheel", "twine"]
docs = ["sphinx (>=1.3)", "sphinx-rtd-theme"]
test = ["mock (>=2)", "pytest (>=3.4)", "pytest-mock (>=1.8)", "pytest-cov"]

[[package]]
category = "main"
description = "Internationalized Domain Names in Applications (IDNA)"
name = "idna"
optional = false
python-versions = ">=2.7, !=3.0.*, !=3.1.*, !=3.2.*, !=3.3.*"
version = "2.8"

[[package]]
category = "main"
description = "MXNet is an ultra-scalable deep learning framework. This version uses openblas."
name = "mxnet"
optional = false
python-versions = "*"
version = "1.5.1.post0"

[package.dependencies]
graphviz = ">=0.8.1,<0.9.0"
numpy = ">1.16.0,<2.0.0"
requests = ">=2.20.0,<3"

[[package]]
category = "main"
description = "NumPy is the fundamental package for array computing with Python."
name = "numpy"
optional = false
python-versions = ">=3.5"
version = "1.18.1"

[[package]]
category = "main"
description = "Open Neural Network Exchange"
name = "onnx"
optional = false
python-versions = "*"
version = "1.3.0"

[package.dependencies]
numpy = "*"
protobuf = "*"
six = "*"
typing = ">=3.6.4"
typing-extensions = ">=3.6.2.1"

[[package]]
category = "main"
description = "Protocol Buffers"
name = "protobuf"
optional = false
python-versions = "*"
version = "3.11.2"

[package.dependencies]
setuptools = "*"
six = ">=1.9"

[[package]]
category = "main"
description = "Python HTTP for Humans."
name = "requests"
optional = false
python-versions = ">=2.7, !=3.0.*, !=3.1.*, !=3.2.*, !=3.3.*, !=3.4.*"
version = "2.22.0"

[package.dependencies]
certifi = ">=2017.4.17"
chardet = ">=3.0.2,<3.1.0"
idna = ">=2.5,<2.9"
urllib3 = ">=1.21.1,<1.25.0 || >1.25.0,<1.25.1 || >1.25.1,<1.26"

[package.extras]
security = ["pyOpenSSL (>=0.14)", "cryptography (>=1.3.4)", "idna (>=2.0.0)"]
socks = ["PySocks (>=1.5.6,<1.5.7 || >1.5.7)", "win-inet-pton"]

[[package]]
category = "main"
description = "Python 2 and 3 compatibility utilities"
name = "six"
optional = false
python-versions = ">=2.7, !=3.0.*, !=3.1.*, !=3.2.*"
version = "1.14.0"

[[package]]
category = "main"
description = "Type Hints for Python"
name = "typing"
optional = false
python-versions = "*"
version = "3.7.4.1"

[[package]]
category = "main"
description = "Backported and Experimental Type Hints for Python 3.5+"
name = "typing-extensions"
optional = false
python-versions = "*"
version = "3.7.4.1"

[[package]]
category = "main"
description = "HTTP library with thread-safe connection pooling, file post, and more."
name = "urllib3"
optional = false
python-versions = ">=2.7, !=3.0.*, !=3.1.*, !=3.2.*, !=3.3.*, !=3.4.*, <4"
version = "1.25.8"

[package.extras]
brotli = ["brotlipy (>=0.6.0)"]
secure = ["pyOpenSSL (>=0.14)", "cryptography (>=1.3.4)", "idna (>=2.0.0)", "certifi", "ipaddress"]
socks = ["PySocks (>=1.5.6,<1.5.7 || >1.5.7,<2.0)"]

[metadata]
content-hash = "3cbb9d7259049c27ac82d911b020d9f6372aee3429554c0c088885f175b98510"
python-versions = "^3.7"

[metadata.files]
certifi = [
    {file = "certifi-2019.11.28-py2.py3-none-any.whl", hash = "sha256:017c25db2a153ce562900032d5bc68e9f191e44e9a0f762f373977de9df1fbb3"},
    {file = "certifi-2019.11.28.tar.gz", hash = "sha256:25b64c7da4cd7479594d035c08c2d809eb4aab3a26e5a990ea98cc450c320f1f"},
]
chardet = [
    {file = "chardet-3.0.4-py2.py3-none-any.whl", hash = "sha256:fc323ffcaeaed0e0a02bf4d117757b98aed530d9ed4531e3e15460124c106691"},
    {file = "chardet-3.0.4.tar.gz", hash = "sha256:84ab92ed1c4d4f16916e05906b6b75a6c0fb5db821cc65e70cbd64a3e2a5eaae"},
]
graphviz = [
    {file = "graphviz-0.8.4-py2.py3-none-any.whl", hash = "sha256:7caa53f0b0be42c5f2eaa3f3d71dcc863b15bacceb5d531c2ad7519e1980ff82"},
    {file = "graphviz-0.8.4.zip", hash = "sha256:4958a19cbd8461757a08db308a4a15c3d586660417e1e364f0107d2fe481689f"},
]
idna = [
    {file = "idna-2.8-py2.py3-none-any.whl", hash = "sha256:ea8b7f6188e6fa117537c3df7da9fc686d485087abf6ac197f9c46432f7e4a3c"},
    {file = "idna-2.8.tar.gz", hash = "sha256:c357b3f628cf53ae2c4c05627ecc484553142ca23264e593d327bcde5e9c3407"},
]
mxnet = [
    {file = "mxnet-1.5.1.post0-cp27-cp27m-macosx_10_11_x86_64.whl", hash = "sha256:0b3ca9054d044263c45338fcce506e54dfbc94f0100def2e27d45a577eedde0b"},
    {file = "mxnet-1.5.1.post0-cp34-cp34m-macosx_10_11_x86_64.whl", hash = "sha256:e1bca824bc230477e0d9e7f856cf93c40d2057f508fe9f1aec2fed497bd9dcf9"},
    {file = "mxnet-1.5.1.post0-cp35-cp35m-macosx_10_11_x86_64.whl", hash = "sha256:203b5ea2dc728c2903bb7153ed743cfeedf7f5d0e8a8fbebfc11d2bb63ce0bfe"},
    {file = "mxnet-1.5.1.post0-cp36-cp36m-macosx_10_11_x86_64.whl", hash = "sha256:2bc946a5a624198881cb5f13a6739e7acace9e34a18e19b34c78a8d16ff84e5a"},
    {file = "mxnet-1.5.1.post0-cp37-cp37m-macosx_10_11_x86_64.whl", hash = "sha256:e7aee187afbd65fbfaf22d44442374ab3e751f1c4598fabce9b4f5a082dab3e4"},
    {file = "mxnet-1.5.1.post0-py2.py3-none-manylinux1_x86_64.whl", hash = "sha256:582860f3a9deaa5175049039f6de47e6dad6b975f294a8d5476766b68c4b8549"},
]
numpy = [
    {file = "numpy-1.18.1-cp35-cp35m-macosx_10_6_intel.whl", hash = "sha256:20b26aaa5b3da029942cdcce719b363dbe58696ad182aff0e5dcb1687ec946dc"},
    {file = "numpy-1.18.1-cp35-cp35m-manylinux1_i686.whl", hash = "sha256:70a840a26f4e61defa7bdf811d7498a284ced303dfbc35acb7be12a39b2aa121"},
    {file = "numpy-1.18.1-cp35-cp35m-manylinux1_x86_64.whl", hash = "sha256:17aa7a81fe7599a10f2b7d95856dc5cf84a4eefa45bc96123cbbc3ebc568994e"},
    {file = "numpy-1.18.1-cp35-cp35m-win32.whl", hash = "sha256:f3d0a94ad151870978fb93538e95411c83899c9dc63e6fb65542f769568ecfa5"},
    {file = "numpy-1.18.1-cp35-cp35m-win_amd64.whl", hash = "sha256:1786a08236f2c92ae0e70423c45e1e62788ed33028f94ca99c4df03f5be6b3c6"},
    {file = "numpy-1.18.1-cp36-cp36m-macosx_10_9_x86_64.whl", hash = "sha256:ae0975f42ab1f28364dcda3dde3cf6c1ddab3e1d4b2909da0cb0191fa9ca0480"},
    {file = "numpy-1.18.1-cp36-cp36m-manylinux1_i686.whl", hash = "sha256:cf7eb6b1025d3e169989416b1adcd676624c2dbed9e3bcb7137f51bfc8cc2572"},
    {file = "numpy-1.18.1-cp36-cp36m-manylinux1_x86_64.whl", hash = "sha256:b765ed3930b92812aa698a455847141869ef755a87e099fddd4ccf9d81fffb57"},
    {file = "numpy-1.18.1-cp36-cp36m-win32.whl", hash = "sha256:2d75908ab3ced4223ccba595b48e538afa5ecc37405923d1fea6906d7c3a50bc"},
    {file = "numpy-1.18.1-cp36-cp36m-win_amd64.whl", hash = "sha256:9acdf933c1fd263c513a2df3dceecea6f3ff4419d80bf238510976bf9bcb26cd"},
    {file = "numpy-1.18.1-cp37-cp37m-macosx_10_9_x86_64.whl", hash = "sha256:56bc8ded6fcd9adea90f65377438f9fea8c05fcf7c5ba766bef258d0da1554aa"},
    {file = "numpy-1.18.1-cp37-cp37m-manylinux1_i686.whl", hash = "sha256:e422c3152921cece8b6a2fb6b0b4d73b6579bd20ae075e7d15143e711f3ca2ca"},
    {file = "numpy-1.18.1-cp37-cp37m-manylinux1_x86_64.whl", hash = "sha256:b3af02ecc999c8003e538e60c89a2b37646b39b688d4e44d7373e11c2debabec"},
    {file = "numpy-1.18.1-cp37-cp37m-win32.whl", hash = "sha256:d92350c22b150c1cae7ebb0ee8b5670cc84848f6359cf6b5d8f86617098a9b73"},
    {file = "numpy-1.18.1-cp37-cp37m-win_amd64.whl", hash = "sha256:77c3bfe65d8560487052ad55c6998a04b654c2fbc36d546aef2b2e511e760971"},
    {file = "numpy-1.18.1-cp38-cp38-macosx_10_9_x86_64.whl", hash = "sha256:c98c5ffd7d41611407a1103ae11c8b634ad6a43606eca3e2a5a269e5d6e8eb07"},
    {file = "numpy-1.18.1-cp38-cp38-manylinux1_i686.whl", hash = "sha256:9537eecf179f566fd1c160a2e912ca0b8e02d773af0a7a1120ad4f7507cd0d26"},
    {file = "numpy-1.18.1-cp38-cp38-manylinux1_x86_64.whl", hash = "sha256:e840f552a509e3380b0f0ec977e8124d0dc34dc0e68289ca28f4d7c1d0d79474"},
    {file = "numpy-1.18.1-cp38-cp38-win32.whl", hash = "sha256:590355aeade1a2eaba17617c19edccb7db8d78760175256e3cf94590a1a964f3"},
    {file = "numpy-1.18.1-cp38-cp38-win_amd64.whl", hash = "sha256:39d2c685af15d3ce682c99ce5925cc66efc824652e10990d2462dfe9b8918c6a"},
    {file = "numpy-1.18.1.zip", hash = "sha256:b6ff59cee96b454516e47e7721098e6ceebef435e3e21ac2d6c3b8b02628eb77"},
]
onnx = [
    {file = "onnx-1.3.0-cp27-cp27m-macosx_10_6_intel.macosx_10_9_intel.macosx_10_9_x86_64.macosx_10_10_intel.macosx_10_10_x86_64.whl", hash = "sha256:fd1669a59e319079b50053c149f2a6a1493249619c7cfde77273f61dc71c6744"},
    {file = "onnx-1.3.0-cp27-cp27m-manylinux1_x86_64.whl", hash = "sha256:1e0159865d6ebe3f3e7b14d349e9f395b2bb67373cd8b577cd79127245006050"},
    {file = "onnx-1.3.0-cp27-cp27mu-manylinux1_x86_64.whl", hash = "sha256:65900d994c4a859e40f262c949a27331499773fd885a73ec8768548f6fd78d1b"},
    {file = "onnx-1.3.0-cp35-cp35m-macosx_10_6_intel.macosx_10_9_intel.macosx_10_9_x86_64.macosx_10_10_intel.macosx_10_10_x86_64.whl", hash = "sha256:18256e0099bffa3da7422ff3dd6663e201a875338f31bafa0f4148c5b5c938dd"},
    {file = "onnx-1.3.0-cp35-cp35m-manylinux1_x86_64.whl", hash = "sha256:644c8c4173f1659715d773bf79ea6a870ef691beacd3bae3c0b85dfa00d4e2a9"},
    {file = "onnx-1.3.0-cp35-cp35m-win32.whl", hash = "sha256:3ff4fff42c4088fae401ad51dd1ac8db6b9f06495ed24ce81aad7ebb07db7d1f"},
    {file = "onnx-1.3.0-cp35-cp35m-win_amd64.whl", hash = "sha256:6da872c38e4b414640670730371256c9ac1d270317d07f60d6826123cac32b74"},
    {file = "onnx-1.3.0-cp36-cp36m-macosx_10_6_intel.macosx_10_9_intel.macosx_10_9_x86_64.macosx_10_10_intel.macosx_10_10_x86_64.whl", hash = "sha256:6610f59ad9ddeded250a33071b5fff6632b127193adf6a00687b5f7ce4e4936d"},
    {file = "onnx-1.3.0-cp36-cp36m-manylinux1_x86_64.whl", hash = "sha256:4072a9234b0fa7ab6c0b9b78d9a5e1d61fb822fbc393da09fa4936c6ff0f690c"},
    {file = "onnx-1.3.0-cp36-cp36m-win32.whl", hash = "sha256:9315d8fe8551883a96a815ac1cdcf8b029b2998e620c83b0f35754d5faf2c609"},
    {file = "onnx-1.3.0-cp36-cp36m-win_amd64.whl", hash = "sha256:d1d1f7ea0cfc6890648343533377af5b31c4c797333976550a48bfde9b88672e"},
    {file = "onnx-1.3.0.tar.gz", hash = "sha256:fa7d4fe66164303e94e2bf5169f751abdba9f9a565bbeb22f54b5497d1388ebe"},
]
protobuf = [
    {file = "protobuf-3.11.2-cp27-cp27m-macosx_10_9_x86_64.whl", hash = "sha256:3f509f7e50d806a434fe4a5fbf602516002a0f092889209fff7db82060efffc0"},
    {file = "protobuf-3.11.2-cp27-cp27mu-manylinux1_x86_64.whl", hash = "sha256:4571da974019849201fc1ec6626b9cea54bd11b6bed140f8f737c0a33ea37de5"},
    {file = "protobuf-3.11.2-cp35-cp35m-macosx_10_9_intel.whl", hash = "sha256:0329e86a397db2a83f9dcbe21d9be55a47f963cdabc893c3a24f4d3a8f117c37"},
    {file = "protobuf-3.11.2-cp35-cp35m-manylinux1_x86_64.whl", hash = "sha256:56bd1d84fbf4505c7b73f04de987eef5682e5752c811141b0186a3809bfb396f"},
    {file = "protobuf-3.11.2-cp35-cp35m-win32.whl", hash = "sha256:919f0d6f6addc836d08658eba3b52be2e92fd3e76da3ce00c325d8e9826d17c7"},
    {file = "protobuf-3.11.2-cp35-cp35m-win_amd64.whl", hash = "sha256:14d6ac53df9cb5bb87c4f91b677c1bc5cec9c0fd44327f367a3c9562de2877c4"},
    {file = "protobuf-3.11.2-cp36-cp36m-macosx_10_9_x86_64.whl", hash = "sha256:6e96dffaf4d0a9a329e528b353ba62fd9ef13599688723d96bc9c165d0b6871e"},
    {file = "protobuf-3.11.2-cp36-cp36m-manylinux1_x86_64.whl", hash = "sha256:6b5b947dc8b3f2aec0eaad65b0b5113fcd642c358c31357c647da6281ee31104"},
    {file = "protobuf-3.11.2-cp36-cp36m-win32.whl", hash = "sha256:680c668d00b5eff08b86aef9e5ba9a705e621ea05d39071cfea8e28cb2400946"},
    {file = "protobuf-3.11.2-cp36-cp36m-win_amd64.whl", hash = "sha256:9c7b19c30cf0644afd0e4218b13f637ce54382fdcb1c8f75bf3e84e49a5f6d0a"},
    {file = "protobuf-3.11.2-cp37-cp37m-macosx_10_9_x86_64.whl", hash = "sha256:d61b14a9090da77fe87e38ba4c6c43d3533dcbeb5d84f5474e7ac63c532dcc9c"},
    {file = "protobuf-3.11.2-cp37-cp37m-manylinux1_x86_64.whl", hash = "sha256:a2e6f57114933882ec701807f217df2fb4588d47f71f227c0a163446b930d507"},
    {file = "protobuf-3.11.2-cp37-cp37m-win32.whl", hash = "sha256:0a7219254afec0d488211f3d482d8ed57e80ae735394e584a98d8f30a8c88a36"},
    {file = "protobuf-3.11.2-cp37-cp37m-win_amd64.whl", hash = "sha256:a6b970a2eccfcbabe1acf230fbf112face1c4700036c95e195f3554d7bcb04c1"},
    {file = "protobuf-3.11.2-cp38-cp38-macosx_10_9_x86_64.whl", hash = "sha256:d6faf5dbefb593e127463f58076b62fcfe0784187be8fe1aa9167388f24a22a1"},
    {file = "protobuf-3.11.2-cp38-cp38-manylinux1_x86_64.whl", hash = "sha256:bc45641cbcdea068b67438244c926f9fd3e5cbdd824448a4a64370610df7c593"},
    {file = "protobuf-3.11.2-py2.7.egg", hash = "sha256:557686c43fbd04f5f7c533f00feee9a37dcca7b5896e3ae3664a33864e6dd546"},
    {file = "protobuf-3.11.2-py2.py3-none-any.whl", hash = "sha256:180fc364b42907a1d2afa183ccbeffafe659378c236b1ec3daca524950bb918d"},
    {file = "protobuf-3.11.2.tar.gz", hash = "sha256:3d7a7d8d20b4e7a8f63f62de2d192cfd8b7a53c56caba7ece95367ca2b80c574"},
]
requests = [
    {file = "requests-2.22.0-py2.py3-none-any.whl", hash = "sha256:9cf5292fcd0f598c671cfc1e0d7d1a7f13bb8085e9a590f48c010551dc6c4b31"},
    {file = "requests-2.22.0.tar.gz", hash = "sha256:11e007a8a2aa0323f5a921e9e6a2d7e4e67d9877e85773fba9ba6419025cbeb4"},
]
six = [
    {file = "six-1.14.0-py2.py3-none-any.whl", hash = "sha256:8f3cd2e254d8f793e7f3d6d9df77b92252b52637291d0f0da013c76ea2724b6c"},
    {file = "six-1.14.0.tar.gz", hash = "sha256:236bdbdce46e6e6a3d61a337c0f8b763ca1e8717c03b369e87a7ec7ce1319c0a"},
]
typing = [
    {file = "typing-3.7.4.1-py2-none-any.whl", hash = "sha256:c8cabb5ab8945cd2f54917be357d134db9cc1eb039e59d1606dc1e60cb1d9d36"},
    {file = "typing-3.7.4.1-py3-none-any.whl", hash = "sha256:f38d83c5a7a7086543a0f649564d661859c5146a85775ab90c0d2f93ffaa9714"},
    {file = "typing-3.7.4.1.tar.gz", hash = "sha256:91dfe6f3f706ee8cc32d38edbbf304e9b7583fb37108fef38229617f8b3eba23"},
]
typing-extensions = [
    {file = "typing_extensions-3.7.4.1-py2-none-any.whl", hash = "sha256:910f4656f54de5993ad9304959ce9bb903f90aadc7c67a0bef07e678014e892d"},
    {file = "typing_extensions-3.7.4.1-py3-none-any.whl", hash = "sha256:cf8b63fedea4d89bab840ecbb93e75578af28f76f66c35889bd7065f5af88575"},
    {file = "typing_extensions-3.7.4.1.tar.gz", hash = "sha256:091ecc894d5e908ac75209f10d5b4f118fbdb2eb1ede6a63544054bb1edb41f2"},
]
urllib3 = [
    {file = "urllib3-1.25.8-py2.py3-none-any.whl", hash = "sha256:2f3db8b19923a873b3e5256dc9c2dedfa883e33d87c690d9c7913e1f40673cdc"},
    {file = "urllib3-1.25.8.tar.gz", hash = "sha256:87716c2d2a7121198ebcb7ce7cccf6ce5e9ba539041cfbaeecfb641dc0bf6acc"},
]
